
Microsoft Visual Studio Solution File, Format Version 12.00
# Visual Studio Version 17
VisualStudioVersion = 17.8.34330.188
MinimumVisualStudioVersion = 10.0.40219.1
Project("{FAE04EC0-301F-11D3-BF4B-00C04F79EFBC}") = "WindowsFormsApp1", "WindowsFormsApp1\WindowsFormsApp1.csproj", "{7B000490-492B-47F3-9FB4-F1F72091674C}"
EndProject
Global
	GlobalSection(SolutionConfigurationPlatforms) = preSolution
		Debug|Any CPU = Debug|Any CPU
		Release|Any CPU = Release|Any CPU
	EndGlobalSection
	GlobalSection(ProjectConfigurationPlatforms) = postSolution
		{7B000490-492B-47F3-9FB4-F1F72091674C}.Debug|Any CPU.ActiveCfg = Debug|Any CPU
		{7B000490-492B-47F3-9FB4-F1F72091674C}.Debug|Any CPU.Build.0 = Debug|Any CPU
		{7B000490-492B-47F3-9FB4-F1F72091674C}.Release|Any CPU.ActiveCfg = Release|Any CPU
		{7B000490-492B-47F3-9FB4-F1F72091674C}.Release|Any CPU.Build.0 = Release|Any CPU
	EndGlobalSection
	GlobalSection(SolutionProperties) = preSolution
		HideSolutionNode = FALSE
	EndGlobalSection
	GlobalSection(ExtensibilityGlobals) = postSolution
		SolutionGuid = {510977DD-6D26-4B67-A7E9-BC721C10D47A}
	EndGlobalSection
EndGlobal
